
Microsoft Visual Studio Solution File, Format Version 12.00
# Visual Studio Version 16
VisualStudioVersion = 16.0.30309.148
MinimumVisualStudioVersion = 10.0.40219.1
Project("{FAE04EC0-301F-11D3-BF4B-00C04F79EFBC}") = "BlackJack - Final Project", "BlackJack - Final Project\BlackJack - Final Project.csproj", "{3D2EB272-8888-4730-A9DC-13E4DFEB1E74}"
EndProject
Global
	GlobalSection(SolutionConfigurationPlatforms) = preSolution
		Debug|Any CPU = Debug|Any CPU
		Release|Any CPU = Release|Any CPU
	EndGlobalSection
	GlobalSection(ProjectConfigurationPlatforms) = postSolution
		{3D2EB272-8888-4730-A9DC-13E4DFEB1E74}.Debug|Any CPU.ActiveCfg = Debug|Any CPU
		{3D2EB272-8888-4730-A9DC-13E4DFEB1E74}.Debug|Any CPU.Build.0 = Debug|Any CPU
		{3D2EB272-8888-4730-A9DC-13E4DFEB1E74}.Release|Any CPU.ActiveCfg = Release|Any CPU
		{3D2EB272-8888-4730-A9DC-13E4DFEB1E74}.Release|Any CPU.Build.0 = Release|Any CPU
	EndGlobalSection
	GlobalSection(SolutionProperties) = preSolution
		HideSolutionNode = FALSE
	EndGlobalSection
	GlobalSection(ExtensibilityGlobals) = postSolution
		SolutionGuid = {F4955F7C-43A2-401C-95DC-FA8CF4392D6F}
	EndGlobalSection
EndGlobal
